
Microsoft Visual Studio Solution File, Format Version 12.00
# Visual Studio Version 17
VisualStudioVersion = 17.10.35027.167
MinimumVisualStudioVersion = 10.0.40219.1
Project("{9A19103F-16F7-4668-BE54-9A1E7A4F7556}") = "StudentInfoManager", "StudentInfoManager\StudentInfoManager.csproj", "{A79547F4-0963-48CE-8AAA-5F3CF84ED85B}"
EndProject
Project("{9A19103F-16F7-4668-BE54-9A1E7A4F7556}") = "Entities", "Entities\Entities.csproj", "{479B8E4B-5756-40B5-AB71-3E5BC1301AB8}"
EndProject
Project("{FAE04EC0-301F-11D3-BF4B-00C04F79EFBC}") = "ServiceStudents", "ServiceStudents\ServiceStudents.csproj", "{BCF27B6F-F4C6-4216-9B1C-D0E9DAC68F97}"
EndProject
Project("{FAE04EC0-301F-11D3-BF4B-00C04F79EFBC}") = "Services", "Services\Services.csproj", "{F9678540-F3EA-4F86-9BC3-35F1AA75D02F}"
EndProject
Global
	GlobalSection(SolutionConfigurationPlatforms) = preSolution
		Debug|Any CPU = Debug|Any CPU
		Release|Any CPU = Release|Any CPU
	EndGlobalSection
	GlobalSection(ProjectConfigurationPlatforms) = postSolution
		{A79547F4-0963-48CE-8AAA-5F3CF84ED85B}.Debug|Any CPU.ActiveCfg = Debug|Any CPU
		{A79547F4-0963-48CE-8AAA-5F3CF84ED85B}.Debug|Any CPU.Build.0 = Debug|Any CPU
		{A79547F4-0963-48CE-8AAA-5F3CF84ED85B}.Release|Any CPU.ActiveCfg = Release|Any CPU
		{A79547F4-0963-48CE-8AAA-5F3CF84ED85B}.Release|Any CPU.Build.0 = Release|Any CPU
		{479B8E4B-5756-40B5-AB71-3E5BC1301AB8}.Debug|Any CPU.ActiveCfg = Debug|Any CPU
		{479B8E4B-5756-40B5-AB71-3E5BC1301AB8}.Debug|Any CPU.Build.0 = Debug|Any CPU
		{479B8E4B-5756-40B5-AB71-3E5BC1301AB8}.Release|Any CPU.ActiveCfg = Release|Any CPU
		{479B8E4B-5756-40B5-AB71-3E5BC1301AB8}.Release|Any CPU.Build.0 = Release|Any CPU
		{BCF27B6F-F4C6-4216-9B1C-D0E9DAC68F97}.Debug|Any CPU.ActiveCfg = Debug|Any CPU
		{BCF27B6F-F4C6-4216-9B1C-D0E9DAC68F97}.Debug|Any CPU.Build.0 = Debug|Any CPU
		{BCF27B6F-F4C6-4216-9B1C-D0E9DAC68F97}.Release|Any CPU.ActiveCfg = Release|Any CPU
		{BCF27B6F-F4C6-4216-9B1C-D0E9DAC68F97}.Release|Any CPU.Build.0 = Release|Any CPU
		{F9678540-F3EA-4F86-9BC3-35F1AA75D02F}.Debug|Any CPU.ActiveCfg = Debug|Any CPU
		{F9678540-F3EA-4F86-9BC3-35F1AA75D02F}.Debug|Any CPU.Build.0 = Debug|Any CPU
		{F9678540-F3EA-4F86-9BC3-35F1AA75D02F}.Release|Any CPU.ActiveCfg = Release|Any CPU
		{F9678540-F3EA-4F86-9BC3-35F1AA75D02F}.Release|Any CPU.Build.0 = Release|Any CPU
	EndGlobalSection
	GlobalSection(SolutionProperties) = preSolution
		HideSolutionNode = FALSE
	EndGlobalSection
	GlobalSection(ExtensibilityGlobals) = postSolution
		SolutionGuid = {63802835-6A2C-4ED1-B63D-0AA0A7C34CBD}
	EndGlobalSection
EndGlobal
